
Microsoft Visual Studio Solution File, Format Version 12.00
# Visual Studio Version 16
VisualStudioVersion = 16.0.31410.357
MinimumVisualStudioVersion = 10.0.40219.1
Project("{FAE04EC0-301F-11D3-BF4B-00C04F79EFBC}") = "PersonApi", "PersonApi\PersonApi.csproj", "{8726FE2D-F44A-4B23-94BC-54CA2C04F9DA}"
EndProject
Global
	GlobalSection(SolutionConfigurationPlatforms) = preSolution
		Debug|Any CPU = Debug|Any CPU
		Release|Any CPU = Release|Any CPU
	EndGlobalSection
	GlobalSection(ProjectConfigurationPlatforms) = postSolution
		{8726FE2D-F44A-4B23-94BC-54CA2C04F9DA}.Debug|Any CPU.ActiveCfg = Debug|Any CPU
		{8726FE2D-F44A-4B23-94BC-54CA2C04F9DA}.Debug|Any CPU.Build.0 = Debug|Any CPU
		{8726FE2D-F44A-4B23-94BC-54CA2C04F9DA}.Release|Any CPU.ActiveCfg = Release|Any CPU
		{8726FE2D-F44A-4B23-94BC-54CA2C04F9DA}.Release|Any CPU.Build.0 = Release|Any CPU
	EndGlobalSection
	GlobalSection(SolutionProperties) = preSolution
		HideSolutionNode = FALSE
	EndGlobalSection
	GlobalSection(ExtensibilityGlobals) = postSolution
		SolutionGuid = {080657C2-9340-4D26-BCDE-47A85D501419}
	EndGlobalSection
EndGlobal
